
Microsoft Visual Studio Solution File, Format Version 12.00
Project("{2150E333-8FDC-42A3-9474-1A3956D46DE8}") = "src", "src", "{A7F6277E-E051-4F5E-9B7F-0E4207F9B0EF}"
EndProject
Project("{FAE04EC0-301F-11D3-BF4B-00C04F79EFBC}") = "Market.Domain", "src\Market.Domain\Market.Domain.csproj", "{B248C849-A479-46F9-874D-2BBA3C92B7A7}"
EndProject
Project("{FAE04EC0-301F-11D3-BF4B-00C04F79EFBC}") = "Market.Application", "src\Market.Application\Market.Application.csproj", "{5A9FB338-1F40-4A4A-9962-6344F0848005}"
EndProject
Global
	GlobalSection(SolutionConfigurationPlatforms) = preSolution
		Debug|Any CPU = Debug|Any CPU
		Release|Any CPU = Release|Any CPU
	EndGlobalSection
	GlobalSection(NestedProjects) = preSolution
		{B248C849-A479-46F9-874D-2BBA3C92B7A7} = {A7F6277E-E051-4F5E-9B7F-0E4207F9B0EF}
		{5A9FB338-1F40-4A4A-9962-6344F0848005} = {A7F6277E-E051-4F5E-9B7F-0E4207F9B0EF}
	EndGlobalSection
	GlobalSection(ProjectConfigurationPlatforms) = postSolution
		{B248C849-A479-46F9-874D-2BBA3C92B7A7}.Debug|Any CPU.ActiveCfg = Debug|Any CPU
		{B248C849-A479-46F9-874D-2BBA3C92B7A7}.Debug|Any CPU.Build.0 = Debug|Any CPU
		{B248C849-A479-46F9-874D-2BBA3C92B7A7}.Release|Any CPU.ActiveCfg = Release|Any CPU
		{B248C849-A479-46F9-874D-2BBA3C92B7A7}.Release|Any CPU.Build.0 = Release|Any CPU
		{5A9FB338-1F40-4A4A-9962-6344F0848005}.Debug|Any CPU.ActiveCfg = Debug|Any CPU
		{5A9FB338-1F40-4A4A-9962-6344F0848005}.Debug|Any CPU.Build.0 = Debug|Any CPU
		{5A9FB338-1F40-4A4A-9962-6344F0848005}.Release|Any CPU.ActiveCfg = Release|Any CPU
		{5A9FB338-1F40-4A4A-9962-6344F0848005}.Release|Any CPU.Build.0 = Release|Any CPU
	EndGlobalSection
EndGlobal
